// !$*UTF8*$!
{
	archiveVersion = 1;
	classes = {
	};
	objectVersion = 77;
	objects = {

/* Begin PBXBuildFile section */
		B27D25C42FC6FB0F00F85319 /* DisplayValueBindingExample.swift in Sources */ = {isa = PBXBuildFile; fileRef = B27D25B52FC6FB0F00F85319 /* DisplayValueBindingExample.swift */; };
		B27D25C52FC6FB0F00F85319 /* FormInputBindingExample.swift in Sources */ = {isa = PBXBuildFile; fileRef = B27D25B62FC6FB0F00F85319 /* FormInputBindingExample.swift */; };
		B27D25C62FC6FB0F00F85319 /* LoadingBindingExample.swift in Sources */ = {isa = PBXBuildFile; fileRef = B27D25B72FC6FB0F00F85319 /* LoadingBindingExample.swift */; };
		B27D25C72FC6FB0F00F85319 /* NavigationBindingExample.swift in Sources */ = {isa = PBXBuildFile; fileRef = B27D25B82FC6FB0F00F85319 /* NavigationBindingExample.swift */; };
		B27D25C82FC6FB0F00F85319 /* SelectedItemBindingExample.swift in Sources */ = {isa = PBXBuildFile; fileRef = B27D25B92FC6FB0F00F85319 /* SelectedItemBindingExample.swift */; };
		B27D25C92FC6FB0F00F85319 /* ToggleBindingExample.swift in Sources */ = {isa = PBXBuildFile; fileRef = B27D25BA2FC6FB0F00F85319 /* ToggleBindingExample.swift */; };
		B27D25CA2FC6FB0F00F85319 /* DisplayValueStateView.swift in Sources */ = {isa = PBXBuildFile; fileRef = B27D25BC2FC6FB0F00F85319 /* DisplayValueStateView.swift */; };
		B27D25CB2FC6FB0F00F85319 /* FormInputStateView.swift in Sources */ = {isa = PBXBuildFile; fileRef = B27D25BD2FC6FB0F00F85319 /* FormInputStateView.swift */; };
		B27D25CC2FC6FB0F00F85319 /* LoadingStateView.swift in Sources */ = {isa = PBXBuildFile; fileRef = B27D25BE2FC6FB0F00F85319 /* LoadingStateView.swift */; };
		B27D25CD2FC6FB0F00F85319 /* NavigationStateView.swift in Sources */ = {isa = PBXBuildFile; fileRef = B27D25BF2FC6FB0F00F85319 /* NavigationStateView.swift */; };
		B27D25CE2FC6FB0F00F85319 /* SelectedItemStateView.swift in Sources */ = {isa = PBXBuildFile; fileRef = B27D25C02FC6FB0F00F85319 /* SelectedItemStateView.swift */; };
		B27D25CF2FC6FB0F00F85319 /* ToggleStateView.swift in Sources */ = {isa = PBXBuildFile; fileRef = B27D25C12FC6FB0F00F85319 /* ToggleStateView.swift */; };
		B296D71C2FC6B853009FF6E8 /* ContentView.swift in Sources */ = {isa = PBXBuildFile; fileRef = B296D7132FC6B853009FF6E8 /* ContentView.swift */; };
		B296D7202FC6B853009FF6E8 /* MyStateApp.swift in Sources */ = {isa = PBXBuildFile; fileRef = B296D7172FC6B853009FF6E8 /* MyStateApp.swift */; };
		B296D7242FC6B853009FF6E8 /* Assets.xcassets in Resources */ = {isa = PBXBuildFile; fileRef = B296D7122FC6B853009FF6E8 /* Assets.xcassets */; };
		B2D2A14C2FC8478B00E77452 /* README.md in Resources */ = {isa = PBXBuildFile; fileRef = B2D2A14B2FC8478B00E77452 /* README.md */; };
		C10000022FD1000000A00001 /* CounterStateObjectView.swift in Sources */ = {isa = PBXBuildFile; fileRef = C10000132FD1000000A00001 /* CounterStateObjectView.swift */; };
		C10000032FD1000000A00001 /* CounterObservedObjectView.swift in Sources */ = {isa = PBXBuildFile; fileRef = C10000142FD1000000A00001 /* CounterObservedObjectView.swift */; };
		C10000062FD1000000A00001 /* CounterViewModel.swift in Sources */ = {isa = PBXBuildFile; fileRef = C10000172FD1000000A00001 /* CounterViewModel.swift */; };
/* End PBXBuildFile section */

/* Begin PBXFileReference section */
		B27D25B52FC6FB0F00F85319 /* DisplayValueBindingExample.swift */ = {isa = PBXFileReference; lastKnownFileType = sourcecode.swift; path = DisplayValueBindingExample.swift; sourceTree = "<group>"; };
		B27D25B62FC6FB0F00F85319 /* FormInputBindingExample.swift */ = {isa = PBXFileReference; lastKnownFileType = sourcecode.swift; path = FormInputBindingExample.swift; sourceTree = "<group>"; };
		B27D25B72FC6FB0F00F85319 /* LoadingBindingExample.swift */ = {isa = PBXFileReference; lastKnownFileType = sourcecode.swift; path = LoadingBindingExample.swift; sourceTree = "<group>"; };
		B27D25B82FC6FB0F00F85319 /* NavigationBindingExample.swift */ = {isa = PBXFileReference; lastKnownFileType = sourcecode.swift; path = NavigationBindingExample.swift; sourceTree = "<group>"; };
		B27D25B92FC6FB0F00F85319 /* SelectedItemBindingExample.swift */ = {isa = PBXFileReference; lastKnownFileType = sourcecode.swift; path = SelectedItemBindingExample.swift; sourceTree = "<group>"; };
		B27D25BA2FC6FB0F00F85319 /* ToggleBindingExample.swift */ = {isa = PBXFileReference; lastKnownFileType = sourcecode.swift; path = ToggleBindingExample.swift; sourceTree = "<group>"; };
		B27D25BC2FC6FB0F00F85319 /* DisplayValueStateView.swift */ = {isa = PBXFileReference; lastKnownFileType = sourcecode.swift; path = DisplayValueStateView.swift; sourceTree = "<group>"; };
		B27D25BD2FC6FB0F00F85319 /* FormInputStateView.swift */ = {isa = PBXFileReference; lastKnownFileType = sourcecode.swift; path = FormInputStateView.swift; sourceTree = "<group>"; };
		B27D25BE2FC6FB0F00F85319 /* LoadingStateView.swift */ = {isa = PBXFileReference; lastKnownFileType = sourcecode.swift; path = LoadingStateView.swift; sourceTree = "<group>"; };
		B27D25BF2FC6FB0F00F85319 /* NavigationStateView.swift */ = {isa = PBXFileReference; lastKnownFileType = sourcecode.swift; path = NavigationStateView.swift; sourceTree = "<group>"; };
		B27D25C02FC6FB0F00F85319 /* SelectedItemStateView.swift */ = {isa = PBXFileReference; lastKnownFileType = sourcecode.swift; path = SelectedItemStateView.swift; sourceTree = "<group>"; };
		B27D25C12FC6FB0F00F85319 /* ToggleStateView.swift */ = {isa = PBXFileReference; lastKnownFileType = sourcecode.swift; path = ToggleStateView.swift; sourceTree = "<group>"; };
		B296D6D02FC6B3E1009FF6E8 /* MyState.app */ = {isa = PBXFileReference; explicitFileType = wrapper.application; includeInIndex = 0; path = MyState.app; sourceTree = BUILT_PRODUCTS_DIR; };
		B296D7122FC6B853009FF6E8 /* Assets.xcassets */ = {isa = PBXFileReference; lastKnownFileType = folder.assetcatalog; path = Assets.xcassets; sourceTree = "<group>"; };
		B296D7132FC6B853009FF6E8 /* ContentView.swift */ = {isa = PBXFileReference; lastKnownFileType = sourcecode.swift; path = ContentView.swift; sourceTree = "<group>"; };
		B296D7172FC6B853009FF6E8 /* MyStateApp.swift */ = {isa = PBXFileReference; lastKnownFileType = sourcecode.swift; path = MyStateApp.swift; sourceTree = "<group>"; };
		B2D2A14B2FC8478B00E77452 /* README.md */ = {isa = PBXFileReference; lastKnownFileType = net.daringfireball.markdown; path = README.md; sourceTree = "<group>"; };
		C10000132FD1000000A00001 /* CounterStateObjectView.swift */ = {isa = PBXFileReference; lastKnownFileType = sourcecode.swift; path = CounterStateObjectView.swift; sourceTree = "<group>"; };
		C10000142FD1000000A00001 /* CounterObservedObjectView.swift */ = {isa = PBXFileReference; lastKnownFileType = sourcecode.swift; path = CounterObservedObjectView.swift; sourceTree = "<group>"; };
		C10000172FD1000000A00001 /* CounterViewModel.swift */ = {isa = PBXFileReference; lastKnownFileType = sourcecode.swift; path = CounterViewModel.swift; sourceTree = "<group>"; };
/* End PBXFileReference section */

/* Begin PBXFrameworksBuildPhase section */
		B296D6CD2FC6B3E1009FF6E8 /* Frameworks */ = {
			isa = PBXFrameworksBuildPhase;
			buildActionMask = 2147483647;
			files = (
			);
			runOnlyForDeploymentPostprocessing = 0;
		};
/* End PBXFrameworksBuildPhase section */

/* Begin PBXGroup section */
		B27D25BB2FC6FB0F00F85319 /* Binding */ = {
			isa = PBXGroup;
			children = (
				B27D25B52FC6FB0F00F85319 /* DisplayValueBindingExample.swift */,
				B27D25B62FC6FB0F00F85319 /* FormInputBindingExample.swift */,
				B27D25B72FC6FB0F00F85319 /* LoadingBindingExample.swift */,
				B27D25B82FC6FB0F00F85319 /* NavigationBindingExample.swift */,
				B27D25B92FC6FB0F00F85319 /* SelectedItemBindingExample.swift */,
				B27D25BA2FC6FB0F00F85319 /* ToggleBindingExample.swift */,
			);
			path = Binding;
			sourceTree = "<group>";
		};
		B27D25C22FC6FB0F00F85319 /* State */ = {
			isa = PBXGroup;
			children = (
				B27D25BC2FC6FB0F00F85319 /* DisplayValueStateView.swift */,
				B27D25BD2FC6FB0F00F85319 /* FormInputStateView.swift */,
				B27D25BE2FC6FB0F00F85319 /* LoadingStateView.swift */,
				B27D25BF2FC6FB0F00F85319 /* NavigationStateView.swift */,
				B27D25C02FC6FB0F00F85319 /* SelectedItemStateView.swift */,
				B27D25C12FC6FB0F00F85319 /* ToggleStateView.swift */,
			);
			path = State;
			sourceTree = "<group>";
		};
		B27D25C32FC6FB0F00F85319 /* BasicState */ = {
			isa = PBXGroup;
			children = (
				B27D25BB2FC6FB0F00F85319 /* Binding */,
				B27D25C22FC6FB0F00F85319 /* State */,
			);
			path = BasicState;
			sourceTree = "<group>";
		};
		B296D6C72FC6B3E1009FF6E8 = {
			isa = PBXGroup;
			children = (
				B296D71B2FC6B853009FF6E8 /* MyState */,
				B296D6D12FC6B3E1009FF6E8 /* Products */,
			);
			sourceTree = "<group>";
		};
		B296D6D12FC6B3E1009FF6E8 /* Products */ = {
			isa = PBXGroup;
			children = (
				B296D6D02FC6B3E1009FF6E8 /* MyState.app */,
			);
			name = Products;
			sourceTree = "<group>";
		};
		B296D71B2FC6B853009FF6E8 /* MyState */ = {
			isa = PBXGroup;
			children = (
				B27D25C32FC6FB0F00F85319 /* BasicState */,
				C10000212FD1000000A00001 /* ObservableObject */,
				B296D7122FC6B853009FF6E8 /* Assets.xcassets */,
				B296D7132FC6B853009FF6E8 /* ContentView.swift */,
				B296D7172FC6B853009FF6E8 /* MyStateApp.swift */,
			);
			path = MyState;
			sourceTree = "<group>";
		};
		C10000212FD1000000A00001 /* ObservableObject */ = {
			isa = PBXGroup;
			children = (
				C10000252FD1000000A00001 /* ViewModel */,
				C10000242FD1000000A00001 /* StateObject */,
				C10000232FD1000000A00001 /* ObservedObject */,
				B2D2A14B2FC8478B00E77452 /* README.md */,
			);
			path = ObservableObject;
			sourceTree = "<group>";
		};
		C10000232FD1000000A00001 /* ObservedObject */ = {
			isa = PBXGroup;
			children = (
				C10000142FD1000000A00001 /* CounterObservedObjectView.swift */,
			);
			path = ObservedObject;
			sourceTree = "<group>";
		};
		C10000242FD1000000A00001 /* StateObject */ = {
			isa = PBXGroup;
			children = (
				C10000132FD1000000A00001 /* CounterStateObjectView.swift */,
			);
			path = StateObject;
			sourceTree = "<group>";
		};
		C10000252FD1000000A00001 /* ViewModel */ = {
			isa = PBXGroup;
			children = (
				C10000172FD1000000A00001 /* CounterViewModel.swift */,
			);
			path = ViewModel;
			sourceTree = "<group>";
		};
/* End PBXGroup section */

/* Begin PBXNativeTarget section */
		B296D6CF2FC6B3E1009FF6E8 /* MyState */ = {
			isa = PBXNativeTarget;
			buildConfigurationList = B296D6F12FC6B3E3009FF6E8 /* Build configuration list for PBXNativeTarget "MyState" */;
			buildPhases = (
				B296D6CC2FC6B3E1009FF6E8 /* Sources */,
				B296D6CD2FC6B3E1009FF6E8 /* Frameworks */,
				B296D6CE2FC6B3E1009FF6E8 /* Resources */,
			);
			buildRules = (
			);
			dependencies = (
			);
			name = MyState;
			packageProductDependencies = (
			);
			productName = MyState;
			productReference = B296D6D02FC6B3E1009FF6E8 /* MyState.app */;
			productType = "com.apple.product-type.application";
		};
/* End PBXNativeTarget section */

/* Begin PBXProject section */
		B296D6C82FC6B3E1009FF6E8 /* Project object */ = {
			isa = PBXProject;
			attributes = {
				BuildIndependentTargetsInParallel = 1;
				LastSwiftUpdateCheck = 2650;
				LastUpgradeCheck = 2650;
				TargetAttributes = {
					B296D6CF2FC6B3E1009FF6E8 = {
						CreatedOnToolsVersion = 26.5;
					};
				};
			};
			buildConfigurationList = B296D6CB2FC6B3E1009FF6E8 /* Build configuration list for PBXProject "MyState" */;
			developmentRegion = en;
			hasScannedForEncodings = 0;
			knownRegions = (
				en,
				Base,
			);
			mainGroup = B296D6C72FC6B3E1009FF6E8;
			minimizedProjectReferenceProxies = 1;
			preferredProjectObjectVersion = 77;
			productRefGroup = B296D6D12FC6B3E1009FF6E8 /* Products */;
			projectDirPath = "";
			projectRoot = "";
			targets = (
				B296D6CF2FC6B3E1009FF6E8 /* MyState */,
			);
		};
/* End PBXProject section */

/* Begin PBXResourcesBuildPhase section */
		B296D6CE2FC6B3E1009FF6E8 /* Resources */ = {
			isa = PBXResourcesBuildPhase;
			buildActionMask = 2147483647;
			files = (
				B2D2A14C2FC8478B00E77452 /* README.md in Resources */,
				B296D7242FC6B853009FF6E8 /* Assets.xcassets in Resources */,
			);
			runOnlyForDeploymentPostprocessing = 0;
		};
/* End PBXResourcesBuildPhase section */

/* Begin PBXSourcesBuildPhase section */
		B296D6CC2FC6B3E1009FF6E8 /* Sources */ = {
			isa = PBXSourcesBuildPhase;
			buildActionMask = 2147483647;
			files = (
				B296D71C2FC6B853009FF6E8 /* ContentView.swift in Sources */,
				C10000022FD1000000A00001 /* CounterStateObjectView.swift in Sources */,
				C10000032FD1000000A00001 /* CounterObservedObjectView.swift in Sources */,
				C10000062FD1000000A00001 /* CounterViewModel.swift in Sources */,
				B27D25C42FC6FB0F00F85319 /* DisplayValueBindingExample.swift in Sources */,
				B27D25C52FC6FB0F00F85319 /* FormInputBindingExample.swift in Sources */,
				B27D25C62FC6FB0F00F85319 /* LoadingBindingExample.swift in Sources */,
				B27D25C72FC6FB0F00F85319 /* NavigationBindingExample.swift in Sources */,
				B27D25C82FC6FB0F00F85319 /* SelectedItemBindingExample.swift in Sources */,
				B27D25C92FC6FB0F00F85319 /* ToggleBindingExample.swift in Sources */,
				B27D25CA2FC6FB0F00F85319 /* DisplayValueStateView.swift in Sources */,
				B27D25CB2FC6FB0F00F85319 /* FormInputStateView.swift in Sources */,
				B27D25CC2FC6FB0F00F85319 /* LoadingStateView.swift in Sources */,
				B27D25CD2FC6FB0F00F85319 /* NavigationStateView.swift in Sources */,
				B27D25CE2FC6FB0F00F85319 /* SelectedItemStateView.swift in Sources */,
				B27D25CF2FC6FB0F00F85319 /* ToggleStateView.swift in Sources */,
				B296D7202FC6B853009FF6E8 /* MyStateApp.swift in Sources */,
			);
			runOnlyForDeploymentPostprocessing = 0;
		};
/* End PBXSourcesBuildPhase section */

/* Begin XCBuildConfiguration section */
		B296D6EF2FC6B3E3009FF6E8 /* Debug */ = {
			isa = XCBuildConfiguration;
			buildSettings = {
				ALWAYS_SEARCH_USER_PATHS = NO;
				ASSETCATALOG_COMPILER_GENERATE_SWIFT_ASSET_SYMBOL_EXTENSIONS = YES;
				CLANG_ANALYZER_NONNULL = YES;
				CLANG_ANALYZER_NUMBER_OBJECT_CONVERSION = YES_AGGRESSIVE;
				CLANG_CXX_LANGUAGE_STANDARD = "gnu++20";
				CLANG_ENABLE_MODULES = YES;
				CLANG_ENABLE_OBJC_ARC = YES;
				CLANG_ENABLE_OBJC_WEAK = YES;
				CLANG_WARN_BLOCK_CAPTURE_AUTORELEASING = YES;
				CLANG_WARN_BOOL_CONVERSION = YES;
				CLANG_WARN_COMMA = YES;
				CLANG_WARN_CONSTANT_CONVERSION = YES;
				CLANG_WARN_DEPRECATED_OBJC_IMPLEMENTATIONS = YES;
				CLANG_WARN_DIRECT_OBJC_ISA_USAGE = YES_ERROR;
				CLANG_WARN_DOCUMENTATION_COMMENTS = YES;
				CLANG_WARN_EMPTY_BODY = YES;
				CLANG_WARN_ENUM_CONVERSION = YES;
				CLANG_WARN_INFINITE_RECURSION = YES;
				CLANG_WARN_INT_CONVERSION = YES;
				CLANG_WARN_NON_LITERAL_NULL_CONVERSION = YES;
				CLANG_WARN_OBJC_IMPLICIT_RETAIN_SELF = YES;
				CLANG_WARN_OBJC_LITERAL_CONVERSION = YES;
				CLANG_WARN_OBJC_ROOT_CLASS = YES_ERROR;
				CLANG_WARN_QUOTED_INCLUDE_IN_FRAMEWORK_HEADER = YES;
				CLANG_WARN_RANGE_LOOP_ANALYSIS = YES;
				CLANG_WARN_STRICT_PROTOTYPES = YES;
				CLANG_WARN_SUSPICIOUS_MOVE = YES;
				CLANG_WARN_UNGUARDED_AVAILABILITY = YES_AGGRESSIVE;
				CLANG_WARN_UNREACHABLE_CODE = YES;
				CLANG_WARN__DUPLICATE_METHOD_MATCH = YES;
				COPY_PHASE_STRIP = NO;
				DEBUG_INFORMATION_FORMAT = dwarf;
				DEVELOPMENT_TEAM = FYTDS8YWKN;
				ENABLE_STRICT_OBJC_MSGSEND = YES;
				ENABLE_TESTABILITY = YES;
				ENABLE_USER_SCRIPT_SANDBOXING = YES;
				GCC_C_LANGUAGE_STANDARD = gnu17;
				GCC_DYNAMIC_NO_PIC = NO;
				GCC_NO_COMMON_BLOCKS = YES;
				GCC_OPTIMIZATION_LEVEL = 0;
				GCC_PREPROCESSOR_DEFINITIONS = (
					"DEBUG=1",
					"$(inherited)",
				);
				GCC_WARN_64_TO_32_BIT_CONVERSION = YES;
				GCC_WARN_ABOUT_RETURN_TYPE = YES_ERROR;
				GCC_WARN_UNDECLARED_SELECTOR = YES;
				GCC_WARN_UNINITIALIZED_AUTOS = YES_AGGRESSIVE;
				GCC_WARN_UNUSED_FUNCTION = YES;
				GCC_WARN_UNUSED_VARIABLE = YES;
				IPHONEOS_DEPLOYMENT_TARGET = 26.5;
				LOCALIZATION_PREFERS_STRING_CATALOGS = YES;
				MTL_ENABLE_DEBUG_INFO = INCLUDE_SOURCE;
				MTL_FAST_MATH = YES;
				ONLY_ACTIVE_ARCH = YES;
				SDKROOT = iphoneos;
				SWIFT_ACTIVE_COMPILATION_CONDITIONS = "DEBUG $(inherited)";
				SWIFT_OPTIMIZATION_LEVEL = "-Onone";
			};
			name = Debug;
		};
		B296D6F02FC6B3E3009FF6E8 /* Release */ = {
			isa = XCBuildConfiguration;
			buildSettings = {
				ALWAYS_SEARCH_USER_PATHS = NO;
				ASSETCATALOG_COMPILER_GENERATE_SWIFT_ASSET_SYMBOL_EXTENSIONS = YES;
				CLANG_ANALYZER_NONNULL = YES;
				CLANG_ANALYZER_NUMBER_OBJECT_CONVERSION = YES_AGGRESSIVE;
				CLANG_CXX_LANGUAGE_STANDARD = "gnu++20";
				CLANG_ENABLE_MODULES = YES;
				CLANG_ENABLE_OBJC_ARC = YES;
				CLANG_ENABLE_OBJC_WEAK = YES;
				CLANG_WARN_BLOCK_CAPTURE_AUTORELEASING = YES;
				CLANG_WARN_BOOL_CONVERSION = YES;
				CLANG_WARN_COMMA = YES;
				CLANG_WARN_CONSTANT_CONVERSION = YES;
				CLANG_WARN_DEPRECATED_OBJC_IMPLEMENTATIONS = YES;
				CLANG_WARN_DIRECT_OBJC_ISA_USAGE = YES_ERROR;
				CLANG_WARN_DOCUMENTATION_COMMENTS = YES;
				CLANG_WARN_EMPTY_BODY = YES;
				CLANG_WARN_ENUM_CONVERSION = YES;
				CLANG_WARN_INFINITE_RECURSION = YES;
				CLANG_WARN_INT_CONVERSION = YES;
				CLANG_WARN_NON_LITERAL_NULL_CONVERSION = YES;
				CLANG_WARN_OBJC_IMPLICIT_RETAIN_SELF = YES;
				CLANG_WARN_OBJC_LITERAL_CONVERSION = YES;
				CLANG_WARN_OBJC_ROOT_CLASS = YES_ERROR;
				CLANG_WARN_QUOTED_INCLUDE_IN_FRAMEWORK_HEADER = YES;
				CLANG_WARN_RANGE_LOOP_ANALYSIS = YES;
				CLANG_WARN_STRICT_PROTOTYPES = YES;
				CLANG_WARN_SUSPICIOUS_MOVE = YES;
				CLANG_WARN_UNGUARDED_AVAILABILITY = YES_AGGRESSIVE;
				CLANG_WARN_UNREACHABLE_CODE = YES;
				CLANG_WARN__DUPLICATE_METHOD_MATCH = YES;
				COPY_PHASE_STRIP = NO;
				DEBUG_INFORMATION_FORMAT = "dwarf-with-dsym";
				DEVELOPMENT_TEAM = FYTDS8YWKN;
				ENABLE_NS_ASSERTIONS = NO;
				ENABLE_STRICT_OBJC_MSGSEND = YES;
				ENABLE_USER_SCRIPT_SANDBOXING = YES;
				GCC_C_LANGUAGE_STANDARD = gnu17;
				GCC_NO_COMMON_BLOCKS = YES;
				GCC_WARN_64_TO_32_BIT_CONVERSION = YES;
				GCC_WARN_ABOUT_RETURN_TYPE = YES_ERROR;
				GCC_WARN_UNDECLARED_SELECTOR = YES;
				GCC_WARN_UNINITIALIZED_AUTOS = YES_AGGRESSIVE;
				GCC_WARN_UNUSED_FUNCTION = YES;
				GCC_WARN_UNUSED_VARIABLE = YES;
				IPHONEOS_DEPLOYMENT_TARGET = 26.5;
				LOCALIZATION_PREFERS_STRING_CATALOGS = YES;
				MTL_ENABLE_DEBUG_INFO = NO;
				MTL_FAST_MATH = YES;
				SDKROOT = iphoneos;
				SWIFT_COMPILATION_MODE = wholemodule;
				VALIDATE_PRODUCT = YES;
			};
			name = Release;
		};
		B296D6F22FC6B3E3009FF6E8 /* Debug */ = {
			isa = XCBuildConfiguration;
			buildSettings = {
				ASSETCATALOG_COMPILER_APPICON_NAME = AppIcon;
				ASSETCATALOG_COMPILER_GLOBAL_ACCENT_COLOR_NAME = AccentColor;
				CODE_SIGN_STYLE = Automatic;
				CURRENT_PROJECT_VERSION = 1;
				DEVELOPMENT_TEAM = FYTDS8YWKN;
				ENABLE_PREVIEWS = YES;
				GENERATE_INFOPLIST_FILE = YES;
				INFOPLIST_KEY_UIApplicationSceneManifest_Generation = YES;
				INFOPLIST_KEY_UIApplicationSupportsIndirectInputEvents = YES;
				INFOPLIST_KEY_UILaunchScreen_Generation = YES;
				INFOPLIST_KEY_UISupportedInterfaceOrientations_iPad = "UIInterfaceOrientationPortrait UIInterfaceOrientationPortraitUpsideDown UIInterfaceOrientationLandscapeLeft UIInterfaceOrientationLandscapeRight";
				INFOPLIST_KEY_UISupportedInterfaceOrientations_iPhone = "UIInterfaceOrientationPortrait UIInterfaceOrientationLandscapeLeft UIInterfaceOrientationLandscapeRight";
				LD_RUNPATH_SEARCH_PATHS = (
					"$(inherited)",
					"@executable_path/Frameworks",
				);
				MARKETING_VERSION = 1.0;
				PRODUCT_BUNDLE_IDENTIFIER = com.callmeoni.MyState;
				PRODUCT_NAME = "$(TARGET_NAME)";
				STRING_CATALOG_GENERATE_SYMBOLS = YES;
				SWIFT_APPROACHABLE_CONCURRENCY = YES;
				SWIFT_DEFAULT_ACTOR_ISOLATION = MainActor;
				SWIFT_EMIT_LOC_STRINGS = YES;
				SWIFT_UPCOMING_FEATURE_MEMBER_IMPORT_VISIBILITY = YES;
				SWIFT_VERSION = 5.0;
				TARGETED_DEVICE_FAMILY = "1,2";
			};
			name = Debug;
		};
		B296D6F32FC6B3E3009FF6E8 /* Release */ = {
			isa = XCBuildConfiguration;
			buildSettings = {
				ASSETCATALOG_COMPILER_APPICON_NAME = AppIcon;
				ASSETCATALOG_COMPILER_GLOBAL_ACCENT_COLOR_NAME = AccentColor;
				CODE_SIGN_STYLE = Automatic;
				CURRENT_PROJECT_VERSION = 1;
				DEVELOPMENT_TEAM = FYTDS8YWKN;
				ENABLE_PREVIEWS = YES;
				GENERATE_INFOPLIST_FILE = YES;
				INFOPLIST_KEY_UIApplicationSceneManifest_Generation = YES;
				INFOPLIST_KEY_UIApplicationSupportsIndirectInputEvents = YES;
				INFOPLIST_KEY_UILaunchScreen_Generation = YES;
				INFOPLIST_KEY_UISupportedInterfaceOrientations_iPad = "UIInterfaceOrientationPortrait UIInterfaceOrientationPortraitUpsideDown UIInterfaceOrientationLandscapeLeft UIInterfaceOrientationLandscapeRight";
				INFOPLIST_KEY_UISupportedInterfaceOrientations_iPhone = "UIInterfaceOrientationPortrait UIInterfaceOrientationLandscapeLeft UIInterfaceOrientationLandscapeRight";
				LD_RUNPATH_SEARCH_PATHS = (
					"$(inherited)",
					"@executable_path/Frameworks",
				);
				MARKETING_VERSION = 1.0;
				PRODUCT_BUNDLE_IDENTIFIER = com.callmeoni.MyState;
				PRODUCT_NAME = "$(TARGET_NAME)";
				STRING_CATALOG_GENERATE_SYMBOLS = YES;
				SWIFT_APPROACHABLE_CONCURRENCY = YES;
				SWIFT_DEFAULT_ACTOR_ISOLATION = MainActor;
				SWIFT_EMIT_LOC_STRINGS = YES;
				SWIFT_UPCOMING_FEATURE_MEMBER_IMPORT_VISIBILITY = YES;
				SWIFT_VERSION = 5.0;
				TARGETED_DEVICE_FAMILY = "1,2";
			};
			name = Release;
		};
/* End XCBuildConfiguration section */

/* Begin XCConfigurationList section */
		B296D6CB2FC6B3E1009FF6E8 /* Build configuration list for PBXProject "MyState" */ = {
			isa = XCConfigurationList;
			buildConfigurations = (
				B296D6EF2FC6B3E3009FF6E8 /* Debug */,
				B296D6F02FC6B3E3009FF6E8 /* Release */,
			);
			defaultConfigurationIsVisible = 0;
			defaultConfigurationName = Release;
		};
		B296D6F12FC6B3E3009FF6E8 /* Build configuration list for PBXNativeTarget "MyState" */ = {
			isa = XCConfigurationList;
			buildConfigurations = (
				B296D6F22FC6B3E3009FF6E8 /* Debug */,
				B296D6F32FC6B3E3009FF6E8 /* Release */,
			);
			defaultConfigurationIsVisible = 0;
			defaultConfigurationName = Release;
		};
/* End XCConfigurationList section */
	};
	rootObject = B296D6C82FC6B3E1009FF6E8 /* Project object */;
}
